
Microsoft Visual Studio Solution File, Format Version 12.00
# Visual Studio Version 16
VisualStudioVersion = 16.0.30114.105
MinimumVisualStudioVersion = 10.0.40219.1
Project("{FAE04EC0-301F-11D3-BF4B-00C04F79EFBC}") = "Interface SportShop", "Interface SportShop.csproj", "{7C44C931-19A8-4059-8420-A06B31842725}"
EndProject
Project("{54435603-DBB4-11D2-8724-00A0C9A8B90C}") = "Setup1", "Instalador\Setup1\Setup1.vdproj", "{DA354F08-3AB8-4C2D-A3A5-8791E7F46444}"
EndProject
Global
	GlobalSection(SolutionConfigurationPlatforms) = preSolution
		Debug|Any CPU = Debug|Any CPU
		Release|Any CPU = Release|Any CPU
	EndGlobalSection
	GlobalSection(ProjectConfigurationPlatforms) = postSolution
		{7C44C931-19A8-4059-8420-A06B31842725}.Debug|Any CPU.ActiveCfg = Debug|Any CPU
		{7C44C931-19A8-4059-8420-A06B31842725}.Debug|Any CPU.Build.0 = Debug|Any CPU
		{7C44C931-19A8-4059-8420-A06B31842725}.Release|Any CPU.ActiveCfg = Release|Any CPU
		{7C44C931-19A8-4059-8420-A06B31842725}.Release|Any CPU.Build.0 = Release|Any CPU
		{DA354F08-3AB8-4C2D-A3A5-8791E7F46444}.Debug|Any CPU.ActiveCfg = Debug
		{DA354F08-3AB8-4C2D-A3A5-8791E7F46444}.Release|Any CPU.ActiveCfg = Release
	EndGlobalSection
	GlobalSection(SolutionProperties) = preSolution
		HideSolutionNode = FALSE
	EndGlobalSection
	GlobalSection(ExtensibilityGlobals) = postSolution
		SolutionGuid = {80E6763A-68A4-44D2-8D79-4185CC9AF485}
	EndGlobalSection
EndGlobal
